// !$*UTF8*$!
{
	archiveVersion = 1;
	classes = {
	};
	objectVersion = 55;
	objects = {

/* Begin PBXBuildFile section */
		5C836AEB28B2BF5600C7B7F1 /* HotSalesViewCell.swift in Sources */ = {isa = PBXBuildFile; fileRef = 5C836AEA28B2BF5600C7B7F1 /* HotSalesViewCell.swift */; };
		5C836AEE28B2C05B00C7B7F1 /* HotSalesCellViewModel.swift in Sources */ = {isa = PBXBuildFile; fileRef = 5C836AED28B2C05B00C7B7F1 /* HotSalesCellViewModel.swift */; };
		5C836AF128B2E0C000C7B7F1 /* UIColor+extension.swift in Sources */ = {isa = PBXBuildFile; fileRef = 5C836AF028B2E0C000C7B7F1 /* UIColor+extension.swift */; };
		5C9140FE28B3B46200FB9240 /* HotSalesService.swift in Sources */ = {isa = PBXBuildFile; fileRef = 5C9140FD28B3B46200FB9240 /* HotSalesService.swift */; };
		5C91410028B3BA3100FB9240 /* HomeStoreRequest.swift in Sources */ = {isa = PBXBuildFile; fileRef = 5C9140FF28B3BA3100FB9240 /* HomeStoreRequest.swift */; };
		5C91410628B3C21B00FB9240 /* NetworkManager.swift in Sources */ = {isa = PBXBuildFile; fileRef = 5C91410528B3C21B00FB9240 /* NetworkManager.swift */; };
		5C91410928B3CA0E00FB9240 /* Decoder.swift in Sources */ = {isa = PBXBuildFile; fileRef = 5C91410828B3CA0E00FB9240 /* Decoder.swift */; };
		5C91410C28B3CAF000FB9240 /* HotSales.swift in Sources */ = {isa = PBXBuildFile; fileRef = 5C91410B28B3CAF000FB9240 /* HotSales.swift */; };
		5CBF9ACE28B1424900BBBA24 /* AppDelegate.swift in Sources */ = {isa = PBXBuildFile; fileRef = 5CBF9ACD28B1424900BBBA24 /* AppDelegate.swift */; };
		5CBF9AD028B1424900BBBA24 /* SceneDelegate.swift in Sources */ = {isa = PBXBuildFile; fileRef = 5CBF9ACF28B1424900BBBA24 /* SceneDelegate.swift */; };
		5CBF9AD228B1424900BBBA24 /* MainViewController.swift in Sources */ = {isa = PBXBuildFile; fileRef = 5CBF9AD128B1424900BBBA24 /* MainViewController.swift */; };
		5CBF9AD728B1424C00BBBA24 /* Assets.xcassets in Resources */ = {isa = PBXBuildFile; fileRef = 5CBF9AD628B1424C00BBBA24 /* Assets.xcassets */; };
		5CBF9ADA28B1424C00BBBA24 /* LaunchScreen.storyboard in Resources */ = {isa = PBXBuildFile; fileRef = 5CBF9AD828B1424C00BBBA24 /* LaunchScreen.storyboard */; };
		AB07C25828D39606004419EB /* UICollectionView+.swift in Sources */ = {isa = PBXBuildFile; fileRef = AB07C25728D39606004419EB /* UICollectionView+.swift */; };
		AB5B8D9728C77991005AA82B /* SelectCategoryViewCell.swift in Sources */ = {isa = PBXBuildFile; fileRef = AB5B8D9628C77991005AA82B /* SelectCategoryViewCell.swift */; };
		AB62EEDC28CA08F7009EB555 /* SelectCategoryCellViewModel.swift in Sources */ = {isa = PBXBuildFile; fileRef = AB62EEDB28CA08F7009EB555 /* SelectCategoryCellViewModel.swift */; };
		ABB3D95728C678C4006014A9 /* Identifiable.swift in Sources */ = {isa = PBXBuildFile; fileRef = ABB3D95628C678C4006014A9 /* Identifiable.swift */; };
/* End PBXBuildFile section */

/* Begin PBXFileReference section */
		5C836AEA28B2BF5600C7B7F1 /* HotSalesViewCell.swift */ = {isa = PBXFileReference; lastKnownFileType = sourcecode.swift; path = HotSalesViewCell.swift; sourceTree = "<group>"; };
		5C836AED28B2C05B00C7B7F1 /* HotSalesCellViewModel.swift */ = {isa = PBXFileReference; lastKnownFileType = sourcecode.swift; path = HotSalesCellViewModel.swift; sourceTree = "<group>"; };
		5C836AF028B2E0C000C7B7F1 /* UIColor+extension.swift */ = {isa = PBXFileReference; lastKnownFileType = sourcecode.swift; path = "UIColor+extension.swift"; sourceTree = "<group>"; };
		5C9140FD28B3B46200FB9240 /* HotSalesService.swift */ = {isa = PBXFileReference; lastKnownFileType = sourcecode.swift; path = HotSalesService.swift; sourceTree = "<group>"; };
		5C9140FF28B3BA3100FB9240 /* HomeStoreRequest.swift */ = {isa = PBXFileReference; lastKnownFileType = sourcecode.swift; path = HomeStoreRequest.swift; sourceTree = "<group>"; };
		5C91410528B3C21B00FB9240 /* NetworkManager.swift */ = {isa = PBXFileReference; lastKnownFileType = sourcecode.swift; path = NetworkManager.swift; sourceTree = "<group>"; };
		5C91410828B3CA0E00FB9240 /* Decoder.swift */ = {isa = PBXFileReference; lastKnownFileType = sourcecode.swift; path = Decoder.swift; sourceTree = "<group>"; };
		5C91410B28B3CAF000FB9240 /* HotSales.swift */ = {isa = PBXFileReference; lastKnownFileType = sourcecode.swift; path = HotSales.swift; sourceTree = "<group>"; };
		5CBF9ACA28B1424900BBBA24 /* EcommerceConcept.app */ = {isa = PBXFileReference; explicitFileType = wrapper.application; includeInIndex = 0; path = EcommerceConcept.app; sourceTree = BUILT_PRODUCTS_DIR; };
		5CBF9ACD28B1424900BBBA24 /* AppDelegate.swift */ = {isa = PBXFileReference; lastKnownFileType = sourcecode.swift; path = AppDelegate.swift; sourceTree = "<group>"; };
		5CBF9ACF28B1424900BBBA24 /* SceneDelegate.swift */ = {isa = PBXFileReference; lastKnownFileType = sourcecode.swift; path = SceneDelegate.swift; sourceTree = "<group>"; };
		5CBF9AD128B1424900BBBA24 /* MainViewController.swift */ = {isa = PBXFileReference; lastKnownFileType = sourcecode.swift; path = MainViewController.swift; sourceTree = "<group>"; };
		5CBF9AD628B1424C00BBBA24 /* Assets.xcassets */ = {isa = PBXFileReference; lastKnownFileType = folder.assetcatalog; path = Assets.xcassets; sourceTree = "<group>"; };
		5CBF9AD928B1424C00BBBA24 /* Base */ = {isa = PBXFileReference; lastKnownFileType = file.storyboard; name = Base; path = Base.lproj/LaunchScreen.storyboard; sourceTree = "<group>"; };
		5CBF9ADB28B1424C00BBBA24 /* Info.plist */ = {isa = PBXFileReference; lastKnownFileType = text.plist.xml; path = Info.plist; sourceTree = "<group>"; };
		AB07C25728D39606004419EB /* UICollectionView+.swift */ = {isa = PBXFileReference; lastKnownFileType = sourcecode.swift; path = "UICollectionView+.swift"; sourceTree = "<group>"; };
		AB5B8D9628C77991005AA82B /* SelectCategoryViewCell.swift */ = {isa = PBXFileReference; lastKnownFileType = sourcecode.swift; path = SelectCategoryViewCell.swift; sourceTree = "<group>"; };
		AB62EEDB28CA08F7009EB555 /* SelectCategoryCellViewModel.swift */ = {isa = PBXFileReference; lastKnownFileType = sourcecode.swift; path = SelectCategoryCellViewModel.swift; sourceTree = "<group>"; };
		ABB3D95628C678C4006014A9 /* Identifiable.swift */ = {isa = PBXFileReference; lastKnownFileType = sourcecode.swift; path = Identifiable.swift; sourceTree = "<group>"; };
/* End PBXFileReference section */

/* Begin PBXFrameworksBuildPhase section */
		5CBF9AC728B1424900BBBA24 /* Frameworks */ = {
			isa = PBXFrameworksBuildPhase;
			buildActionMask = 2147483647;
			files = (
			);
			runOnlyForDeploymentPostprocessing = 0;
		};
/* End PBXFrameworksBuildPhase section */

/* Begin PBXGroup section */
		5C836AEC28B2BF5E00C7B7F1 /* Cells */ = {
			isa = PBXGroup;
			children = (
				AB5B8D9628C77991005AA82B /* SelectCategoryViewCell.swift */,
				5C836AEA28B2BF5600C7B7F1 /* HotSalesViewCell.swift */,
			);
			path = Cells;
			sourceTree = "<group>";
		};
		5C836AEF28B2E08900C7B7F1 /* Helpers */ = {
			isa = PBXGroup;
			children = (
				5C836AF028B2E0C000C7B7F1 /* UIColor+extension.swift */,
				ABB3D95628C678C4006014A9 /* Identifiable.swift */,
				AB07C25728D39606004419EB /* UICollectionView+.swift */,
			);
			path = Helpers;
			sourceTree = "<group>";
		};
		5C91410328B3C14100FB9240 /* Network */ = {
			isa = PBXGroup;
			children = (
				ABB3D95828C67F53006014A9 /* Requests */,
				5C91410528B3C21B00FB9240 /* NetworkManager.swift */,
			);
			path = Network;
			sourceTree = "<group>";
		};
		5C91410428B3C1A300FB9240 /* Service */ = {
			isa = PBXGroup;
			children = (
				5C9140FD28B3B46200FB9240 /* HotSalesService.swift */,
			);
			path = Service;
			sourceTree = "<group>";
		};
		5C91410728B3C9EA00FB9240 /* Decoding */ = {
			isa = PBXGroup;
			children = (
				5C91410828B3CA0E00FB9240 /* Decoder.swift */,
			);
			path = Decoding;
			sourceTree = "<group>";
		};
		5C91410A28B3CA8D00FB9240 /* ApiModel */ = {
			isa = PBXGroup;
			children = (
				5C91410B28B3CAF000FB9240 /* HotSales.swift */,
			);
			path = ApiModel;
			sourceTree = "<group>";
		};
		5C91410D28B3D4FA00FB9240 /* Presentation */ = {
			isa = PBXGroup;
			children = (
				5C836AEF28B2E08900C7B7F1 /* Helpers */,
				5CDA604028B2594800884E5A /* Main */,
			);
			path = Presentation;
			sourceTree = "<group>";
		};
		5CBF9AC128B1424900BBBA24 = {
			isa = PBXGroup;
			children = (
				5CBF9ACC28B1424900BBBA24 /* EcommerceConcept */,
				5CBF9ACB28B1424900BBBA24 /* Products */,
			);
			sourceTree = "<group>";
		};
		5CBF9ACB28B1424900BBBA24 /* Products */ = {
			isa = PBXGroup;
			children = (
				5CBF9ACA28B1424900BBBA24 /* EcommerceConcept.app */,
			);
			name = Products;
			sourceTree = "<group>";
		};
		5CBF9ACC28B1424900BBBA24 /* EcommerceConcept */ = {
			isa = PBXGroup;
			children = (
				5C91410D28B3D4FA00FB9240 /* Presentation */,
				5C91410428B3C1A300FB9240 /* Service */,
				AB62EEDA28C790DE009EB555 /* Core */,
				5CBF9AE128B1428D00BBBA24 /* Supporting Files */,
			);
			path = EcommerceConcept;
			sourceTree = "<group>";
		};
		5CBF9AE128B1428D00BBBA24 /* Supporting Files */ = {
			isa = PBXGroup;
			children = (
				5CBF9ACD28B1424900BBBA24 /* AppDelegate.swift */,
				5CBF9ACF28B1424900BBBA24 /* SceneDelegate.swift */,
				5CBF9AD628B1424C00BBBA24 /* Assets.xcassets */,
				5CBF9AD828B1424C00BBBA24 /* LaunchScreen.storyboard */,
				5CBF9ADB28B1424C00BBBA24 /* Info.plist */,
			);
			path = "Supporting Files";
			sourceTree = "<group>";
		};
		5CDA604028B2594800884E5A /* Main */ = {
			isa = PBXGroup;
			children = (
				5CBF9AD128B1424900BBBA24 /* MainViewController.swift */,
				AB62EED928C79083009EB555 /* ViewModels */,
				5C836AEC28B2BF5E00C7B7F1 /* Cells */,
			);
			path = Main;
			sourceTree = "<group>";
		};
		AB62EED928C79083009EB555 /* ViewModels */ = {
			isa = PBXGroup;
			children = (
				AB62EEDB28CA08F7009EB555 /* SelectCategoryCellViewModel.swift */,
				5C836AED28B2C05B00C7B7F1 /* HotSalesCellViewModel.swift */,
			);
			path = ViewModels;
			sourceTree = "<group>";
		};
		AB62EEDA28C790DE009EB555 /* Core */ = {
			isa = PBXGroup;
			children = (
				5C91410A28B3CA8D00FB9240 /* ApiModel */,
				5C91410728B3C9EA00FB9240 /* Decoding */,
				5C91410328B3C14100FB9240 /* Network */,
			);
			path = Core;
			sourceTree = "<group>";
		};
		ABB3D95828C67F53006014A9 /* Requests */ = {
			isa = PBXGroup;
			children = (
				5C9140FF28B3BA3100FB9240 /* HomeStoreRequest.swift */,
			);
			path = Requests;
			sourceTree = "<group>";
		};
/* End PBXGroup section */

/* Begin PBXNativeTarget section */
		5CBF9AC928B1424900BBBA24 /* EcommerceConcept */ = {
			isa = PBXNativeTarget;
			buildConfigurationList = 5CBF9ADE28B1424C00BBBA24 /* Build configuration list for PBXNativeTarget "EcommerceConcept" */;
			buildPhases = (
				5CBF9AC628B1424900BBBA24 /* Sources */,
				5CBF9AC728B1424900BBBA24 /* Frameworks */,
				5CBF9AC828B1424900BBBA24 /* Resources */,
			);
			buildRules = (
			);
			dependencies = (
			);
			name = EcommerceConcept;
			productName = EcommerceConcept;
			productReference = 5CBF9ACA28B1424900BBBA24 /* EcommerceConcept.app */;
			productType = "com.apple.product-type.application";
		};
/* End PBXNativeTarget section */

/* Begin PBXProject section */
		5CBF9AC228B1424900BBBA24 /* Project object */ = {
			isa = PBXProject;
			attributes = {
				BuildIndependentTargetsInParallel = 1;
				LastSwiftUpdateCheck = 1320;
				LastUpgradeCheck = 1320;
				TargetAttributes = {
					5CBF9AC928B1424900BBBA24 = {
						CreatedOnToolsVersion = 13.2.1;
					};
				};
			};
			buildConfigurationList = 5CBF9AC528B1424900BBBA24 /* Build configuration list for PBXProject "EcommerceConcept" */;
			compatibilityVersion = "Xcode 13.0";
			developmentRegion = en;
			hasScannedForEncodings = 0;
			knownRegions = (
				en,
				Base,
			);
			mainGroup = 5CBF9AC128B1424900BBBA24;
			productRefGroup = 5CBF9ACB28B1424900BBBA24 /* Products */;
			projectDirPath = "";
			projectRoot = "";
			targets = (
				5CBF9AC928B1424900BBBA24 /* EcommerceConcept */,
			);
		};
/* End PBXProject section */

/* Begin PBXResourcesBuildPhase section */
		5CBF9AC828B1424900BBBA24 /* Resources */ = {
			isa = PBXResourcesBuildPhase;
			buildActionMask = 2147483647;
			files = (
				5CBF9ADA28B1424C00BBBA24 /* LaunchScreen.storyboard in Resources */,
				5CBF9AD728B1424C00BBBA24 /* Assets.xcassets in Resources */,
			);
			runOnlyForDeploymentPostprocessing = 0;
		};
/* End PBXResourcesBuildPhase section */

/* Begin PBXSourcesBuildPhase section */
		5CBF9AC628B1424900BBBA24 /* Sources */ = {
			isa = PBXSourcesBuildPhase;
			buildActionMask = 2147483647;
			files = (
				AB62EEDC28CA08F7009EB555 /* SelectCategoryCellViewModel.swift in Sources */,
				5C91410628B3C21B00FB9240 /* NetworkManager.swift in Sources */,
				ABB3D95728C678C4006014A9 /* Identifiable.swift in Sources */,
				5C836AEE28B2C05B00C7B7F1 /* HotSalesCellViewModel.swift in Sources */,
				AB07C25828D39606004419EB /* UICollectionView+.swift in Sources */,
				5C91410C28B3CAF000FB9240 /* HotSales.swift in Sources */,
				5C9140FE28B3B46200FB9240 /* HotSalesService.swift in Sources */,
				5C91410028B3BA3100FB9240 /* HomeStoreRequest.swift in Sources */,
				5CBF9AD228B1424900BBBA24 /* MainViewController.swift in Sources */,
				5CBF9ACE28B1424900BBBA24 /* AppDelegate.swift in Sources */,
				5C836AF128B2E0C000C7B7F1 /* UIColor+extension.swift in Sources */,
				AB5B8D9728C77991005AA82B /* SelectCategoryViewCell.swift in Sources */,
				5CBF9AD028B1424900BBBA24 /* SceneDelegate.swift in Sources */,
				5C91410928B3CA0E00FB9240 /* Decoder.swift in Sources */,
				5C836AEB28B2BF5600C7B7F1 /* HotSalesViewCell.swift in Sources */,
			);
			runOnlyForDeploymentPostprocessing = 0;
		};
/* End PBXSourcesBuildPhase section */

/* Begin PBXVariantGroup section */
		5CBF9AD828B1424C00BBBA24 /* LaunchScreen.storyboard */ = {
			isa = PBXVariantGroup;
			children = (
				5CBF9AD928B1424C00BBBA24 /* Base */,
			);
			name = LaunchScreen.storyboard;
			sourceTree = "<group>";
		};
/* End PBXVariantGroup section */

/* Begin XCBuildConfiguration section */
		5CBF9ADC28B1424C00BBBA24 /* Debug */ = {
			isa = XCBuildConfiguration;
			buildSettings = {
				ALWAYS_SEARCH_USER_PATHS = NO;
				CLANG_ANALYZER_NONNULL = YES;
				CLANG_ANALYZER_NUMBER_OBJECT_CONVERSION = YES_AGGRESSIVE;
				CLANG_CXX_LANGUAGE_STANDARD = "gnu++17";
				CLANG_CXX_LIBRARY = "libc++";
				CLANG_ENABLE_MODULES = YES;
				CLANG_ENABLE_OBJC_ARC = YES;
				CLANG_ENABLE_OBJC_WEAK = YES;
				CLANG_WARN_BLOCK_CAPTURE_AUTORELEASING = YES;
				CLANG_WARN_BOOL_CONVERSION = YES;
				CLANG_WARN_COMMA = YES;
				CLANG_WARN_CONSTANT_CONVERSION = YES;
				CLANG_WARN_DEPRECATED_OBJC_IMPLEMENTATIONS = YES;
				CLANG_WARN_DIRECT_OBJC_ISA_USAGE = YES_ERROR;
				CLANG_WARN_DOCUMENTATION_COMMENTS = YES;
				CLANG_WARN_EMPTY_BODY = YES;
				CLANG_WARN_ENUM_CONVERSION = YES;
				CLANG_WARN_INFINITE_RECURSION = YES;
				CLANG_WARN_INT_CONVERSION = YES;
				CLANG_WARN_NON_LITERAL_NULL_CONVERSION = YES;
				CLANG_WARN_OBJC_IMPLICIT_RETAIN_SELF = YES;
				CLANG_WARN_OBJC_LITERAL_CONVERSION = YES;
				CLANG_WARN_OBJC_ROOT_CLASS = YES_ERROR;
				CLANG_WARN_QUOTED_INCLUDE_IN_FRAMEWORK_HEADER = YES;
				CLANG_WARN_RANGE_LOOP_ANALYSIS = YES;
				CLANG_WARN_STRICT_PROTOTYPES = YES;
				CLANG_WARN_SUSPICIOUS_MOVE = YES;
				CLANG_WARN_UNGUARDED_AVAILABILITY = YES_AGGRESSIVE;
				CLANG_WARN_UNREACHABLE_CODE = YES;
				CLANG_WARN__DUPLICATE_METHOD_MATCH = YES;
				COPY_PHASE_STRIP = NO;
				DEBUG_INFORMATION_FORMAT = dwarf;
				ENABLE_STRICT_OBJC_MSGSEND = YES;
				ENABLE_TESTABILITY = YES;
				GCC_C_LANGUAGE_STANDARD = gnu11;
				GCC_DYNAMIC_NO_PIC = NO;
				GCC_NO_COMMON_BLOCKS = YES;
				GCC_OPTIMIZATION_LEVEL = 0;
				GCC_PREPROCESSOR_DEFINITIONS = (
					"DEBUG=1",
					"$(inherited)",
				);
				GCC_WARN_64_TO_32_BIT_CONVERSION = YES;
				GCC_WARN_ABOUT_RETURN_TYPE = YES_ERROR;
				GCC_WARN_UNDECLARED_SELECTOR = YES;
				GCC_WARN_UNINITIALIZED_AUTOS = YES_AGGRESSIVE;
				GCC_WARN_UNUSED_FUNCTION = YES;
				GCC_WARN_UNUSED_VARIABLE = YES;
				IPHONEOS_DEPLOYMENT_TARGET = 15.2;
				MTL_ENABLE_DEBUG_INFO = INCLUDE_SOURCE;
				MTL_FAST_MATH = YES;
				ONLY_ACTIVE_ARCH = YES;
				SDKROOT = iphoneos;
				SWIFT_ACTIVE_COMPILATION_CONDITIONS = DEBUG;
				SWIFT_OPTIMIZATION_LEVEL = "-Onone";
			};
			name = Debug;
		};
		5CBF9ADD28B1424C00BBBA24 /* Release */ = {
			isa = XCBuildConfiguration;
			buildSettings = {
				ALWAYS_SEARCH_USER_PATHS = NO;
				CLANG_ANALYZER_NONNULL = YES;
				CLANG_ANALYZER_NUMBER_OBJECT_CONVERSION = YES_AGGRESSIVE;
				CLANG_CXX_LANGUAGE_STANDARD = "gnu++17";
				CLANG_CXX_LIBRARY = "libc++";
				CLANG_ENABLE_MODULES = YES;
				CLANG_ENABLE_OBJC_ARC = YES;
				CLANG_ENABLE_OBJC_WEAK = YES;
				CLANG_WARN_BLOCK_CAPTURE_AUTORELEASING = YES;
				CLANG_WARN_BOOL_CONVERSION = YES;
				CLANG_WARN_COMMA = YES;
				CLANG_WARN_CONSTANT_CONVERSION = YES;
				CLANG_WARN_DEPRECATED_OBJC_IMPLEMENTATIONS = YES;
				CLANG_WARN_DIRECT_OBJC_ISA_USAGE = YES_ERROR;
				CLANG_WARN_DOCUMENTATION_COMMENTS = YES;
				CLANG_WARN_EMPTY_BODY = YES;
				CLANG_WARN_ENUM_CONVERSION = YES;
				CLANG_WARN_INFINITE_RECURSION = YES;
				CLANG_WARN_INT_CONVERSION = YES;
				CLANG_WARN_NON_LITERAL_NULL_CONVERSION = YES;
				CLANG_WARN_OBJC_IMPLICIT_RETAIN_SELF = YES;
				CLANG_WARN_OBJC_LITERAL_CONVERSION = YES;
				CLANG_WARN_OBJC_ROOT_CLASS = YES_ERROR;
				CLANG_WARN_QUOTED_INCLUDE_IN_FRAMEWORK_HEADER = YES;
				CLANG_WARN_RANGE_LOOP_ANALYSIS = YES;
				CLANG_WARN_STRICT_PROTOTYPES = YES;
				CLANG_WARN_SUSPICIOUS_MOVE = YES;
				CLANG_WARN_UNGUARDED_AVAILABILITY = YES_AGGRESSIVE;
				CLANG_WARN_UNREACHABLE_CODE = YES;
				CLANG_WARN__DUPLICATE_METHOD_MATCH = YES;
				COPY_PHASE_STRIP = NO;
				DEBUG_INFORMATION_FORMAT = "dwarf-with-dsym";
				ENABLE_NS_ASSERTIONS = NO;
				ENABLE_STRICT_OBJC_MSGSEND = YES;
				GCC_C_LANGUAGE_STANDARD = gnu11;
				GCC_NO_COMMON_BLOCKS = YES;
				GCC_WARN_64_TO_32_BIT_CONVERSION = YES;
				GCC_WARN_ABOUT_RETURN_TYPE = YES_ERROR;
				GCC_WARN_UNDECLARED_SELECTOR = YES;
				GCC_WARN_UNINITIALIZED_AUTOS = YES_AGGRESSIVE;
				GCC_WARN_UNUSED_FUNCTION = YES;
				GCC_WARN_UNUSED_VARIABLE = YES;
				IPHONEOS_DEPLOYMENT_TARGET = 15.2;
				MTL_ENABLE_DEBUG_INFO = NO;
				MTL_FAST_MATH = YES;
				SDKROOT = iphoneos;
				SWIFT_COMPILATION_MODE = wholemodule;
				SWIFT_OPTIMIZATION_LEVEL = "-O";
				VALIDATE_PRODUCT = YES;
			};
			name = Release;
		};
		5CBF9ADF28B1424C00BBBA24 /* Debug */ = {
			isa = XCBuildConfiguration;
			buildSettings = {
				ASSETCATALOG_COMPILER_APPICON_NAME = AppIcon;
				ASSETCATALOG_COMPILER_GLOBAL_ACCENT_COLOR_NAME = AccentColor;
				CODE_SIGN_STYLE = Automatic;
				CURRENT_PROJECT_VERSION = 1;
				DEVELOPMENT_TEAM = 7TFRW3KMV7;
				GENERATE_INFOPLIST_FILE = YES;
				INFOPLIST_FILE = "EcommerceConcept/Supporting Files/Info.plist";
				INFOPLIST_KEY_UIApplicationSupportsIndirectInputEvents = YES;
				INFOPLIST_KEY_UILaunchStoryboardName = LaunchScreen;
				INFOPLIST_KEY_UISupportedInterfaceOrientations = "UIInterfaceOrientationPortrait UIInterfaceOrientationPortraitUpsideDown UIInterfaceOrientationLandscapeLeft";
				INFOPLIST_KEY_UISupportedInterfaceOrientations_iPad = "UIInterfaceOrientationPortrait UIInterfaceOrientationPortraitUpsideDown UIInterfaceOrientationLandscapeLeft UIInterfaceOrientationLandscapeRight";
				INFOPLIST_KEY_UISupportedInterfaceOrientations_iPhone = "UIInterfaceOrientationPortrait UIInterfaceOrientationLandscapeLeft UIInterfaceOrientationLandscapeRight";
				IPHONEOS_DEPLOYMENT_TARGET = 13.0;
				LD_RUNPATH_SEARCH_PATHS = (
					"$(inherited)",
					"@executable_path/Frameworks",
				);
				MARKETING_VERSION = 1.0;
				PRODUCT_BUNDLE_IDENTIFIER = com.ritulya.EcommerceConcept;
				PRODUCT_NAME = "$(TARGET_NAME)";
				SWIFT_EMIT_LOC_STRINGS = YES;
				SWIFT_VERSION = 5.0;
				TARGETED_DEVICE_FAMILY = "1,2";
			};
			name = Debug;
		};
		5CBF9AE028B1424C00BBBA24 /* Release */ = {
			isa = XCBuildConfiguration;
			buildSettings = {
				ASSETCATALOG_COMPILER_APPICON_NAME = AppIcon;
				ASSETCATALOG_COMPILER_GLOBAL_ACCENT_COLOR_NAME = AccentColor;
				CODE_SIGN_STYLE = Automatic;
				CURRENT_PROJECT_VERSION = 1;
				DEVELOPMENT_TEAM = 7TFRW3KMV7;
				GENERATE_INFOPLIST_FILE = YES;
				INFOPLIST_FILE = "EcommerceConcept/Supporting Files/Info.plist";
				INFOPLIST_KEY_UIApplicationSupportsIndirectInputEvents = YES;
				INFOPLIST_KEY_UILaunchStoryboardName = LaunchScreen;
				INFOPLIST_KEY_UISupportedInterfaceOrientations = "UIInterfaceOrientationPortrait UIInterfaceOrientationPortraitUpsideDown UIInterfaceOrientationLandscapeLeft";
				INFOPLIST_KEY_UISupportedInterfaceOrientations_iPad = "UIInterfaceOrientationPortrait UIInterfaceOrientationPortraitUpsideDown UIInterfaceOrientationLandscapeLeft UIInterfaceOrientationLandscapeRight";
				INFOPLIST_KEY_UISupportedInterfaceOrientations_iPhone = "UIInterfaceOrientationPortrait UIInterfaceOrientationLandscapeLeft UIInterfaceOrientationLandscapeRight";
				IPHONEOS_DEPLOYMENT_TARGET = 13.0;
				LD_RUNPATH_SEARCH_PATHS = (
					"$(inherited)",
					"@executable_path/Frameworks",
				);
				MARKETING_VERSION = 1.0;
				PRODUCT_BUNDLE_IDENTIFIER = com.ritulya.EcommerceConcept;
				PRODUCT_NAME = "$(TARGET_NAME)";
				SWIFT_EMIT_LOC_STRINGS = YES;
				SWIFT_VERSION = 5.0;
				TARGETED_DEVICE_FAMILY = "1,2";
			};
			name = Release;
		};
/* End XCBuildConfiguration section */

/* Begin XCConfigurationList section */
		5CBF9AC528B1424900BBBA24 /* Build configuration list for PBXProject "EcommerceConcept" */ = {
			isa = XCConfigurationList;
			buildConfigurations = (
				5CBF9ADC28B1424C00BBBA24 /* Debug */,
				5CBF9ADD28B1424C00BBBA24 /* Release */,
			);
			defaultConfigurationIsVisible = 0;
			defaultConfigurationName = Release;
		};
		5CBF9ADE28B1424C00BBBA24 /* Build configuration list for PBXNativeTarget "EcommerceConcept" */ = {
			isa = XCConfigurationList;
			buildConfigurations = (
				5CBF9ADF28B1424C00BBBA24 /* Debug */,
				5CBF9AE028B1424C00BBBA24 /* Release */,
			);
			defaultConfigurationIsVisible = 0;
			defaultConfigurationName = Release;
		};
/* End XCConfigurationList section */
	};
	rootObject = 5CBF9AC228B1424900BBBA24 /* Project object */;
}
